// !$*UTF8*$!
{
	archiveVersion = 1;
	classes = {
	};
	objectVersion = 48;
	objects = {

/* Begin PBXBuildFile section */
		3FC255A7203CDBF100E5B5C3 /* AppDelegate.swift in Sources */ = {isa = PBXBuildFile; fileRef = 3FC255A6203CDBF100E5B5C3 /* AppDelegate.swift */; };
		3FC255A9203CDBF100E5B5C3 /* ViewController.swift in Sources */ = {isa = PBXBuildFile; fileRef = 3FC255A8203CDBF100E5B5C3 /* ViewController.swift */; };
		3FC255AC203CDBF100E5B5C3 /* Main.storyboard in Resources */ = {isa = PBXBuildFile; fileRef = 3FC255AA203CDBF100E5B5C3 /* Main.storyboard */; };
		3FC255AE203CDBF100E5B5C3 /* Assets.xcassets in Resources */ = {isa = PBXBuildFile; fileRef = 3FC255AD203CDBF100E5B5C3 /* Assets.xcassets */; };
		3FC255B1203CDBF100E5B5C3 /* LaunchScreen.storyboard in Resources */ = {isa = PBXBuildFile; fileRef = 3FC255AF203CDBF100E5B5C3 /* LaunchScreen.storyboard */; };
		3FC255B9203CDC0600E5B5C3 /* TimerFun.swift in Sources */ = {isa = PBXBuildFile; fileRef = 3FC255B8203CDC0600E5B5C3 /* TimerFun.swift */; };
/* End PBXBuildFile section */

/* Begin PBXFileReference section */
		3FC255A3203CDBF100E5B5C3 /* TimerFun.app */ = {isa = PBXFileReference; explicitFileType = wrapper.application; includeInIndex = 0; path = TimerFun.app; sourceTree = BUILT_PRODUCTS_DIR; };
		3FC255A6203CDBF100E5B5C3 /* AppDelegate.swift */ = {isa = PBXFileReference; lastKnownFileType = sourcecode.swift; path = AppDelegate.swift; sourceTree = "<group>"; };
		3FC255A8203CDBF100E5B5C3 /* ViewController.swift */ = {isa = PBXFileReference; lastKnownFileType = sourcecode.swift; path = ViewController.swift; sourceTree = "<group>"; };
		3FC255AB203CDBF100E5B5C3 /* Base */ = {isa = PBXFileReference; lastKnownFileType = file.storyboard; name = Base; path = Base.lproj/Main.storyboard; sourceTree = "<group>"; };
		3FC255AD203CDBF100E5B5C3 /* Assets.xcassets */ = {isa = PBXFileReference; lastKnownFileType = folder.assetcatalog; path = Assets.xcassets; sourceTree = "<group>"; };
		3FC255B0203CDBF100E5B5C3 /* Base */ = {isa = PBXFileReference; lastKnownFileType = file.storyboard; name = Base; path = Base.lproj/LaunchScreen.storyboard; sourceTree = "<group>"; };
		3FC255B2203CDBF100E5B5C3 /* Info.plist */ = {isa = PBXFileReference; lastKnownFileType = text.plist.xml; path = Info.plist; sourceTree = "<group>"; };
		3FC255B8203CDC0600E5B5C3 /* TimerFun.swift */ = {isa = PBXFileReference; lastKnownFileType = sourcecode.swift; path = TimerFun.swift; sourceTree = "<group>"; };
/* End PBXFileReference section */

/* Begin PBXFrameworksBuildPhase section */
		3FC255A0203CDBF100E5B5C3 /* Frameworks */ = {
			isa = PBXFrameworksBuildPhase;
			buildActionMask = 2147483647;
			files = (
			);
			runOnlyForDeploymentPostprocessing = 0;
		};
/* End PBXFrameworksBuildPhase section */

/* Begin PBXGroup section */
		3FC2559A203CDBF100E5B5C3 = {
			isa = PBXGroup;
			children = (
				3FC255A5203CDBF100E5B5C3 /* TimerFun */,
				3FC255A4203CDBF100E5B5C3 /* Products */,
			);
			sourceTree = "<group>";
		};
		3FC255A4203CDBF100E5B5C3 /* Products */ = {
			isa = PBXGroup;
			children = (
				3FC255A3203CDBF100E5B5C3 /* TimerFun.app */,
			);
			name = Products;
			sourceTree = "<group>";
		};
		3FC255A5203CDBF100E5B5C3 /* TimerFun */ = {
			isa = PBXGroup;
			children = (
				3FC255A6203CDBF100E5B5C3 /* AppDelegate.swift */,
				3FC255A8203CDBF100E5B5C3 /* ViewController.swift */,
				3FC255AA203CDBF100E5B5C3 /* Main.storyboard */,
				3FC255AD203CDBF100E5B5C3 /* Assets.xcassets */,
				3FC255AF203CDBF100E5B5C3 /* LaunchScreen.storyboard */,
				3FC255B2203CDBF100E5B5C3 /* Info.plist */,
				3FC255B8203CDC0600E5B5C3 /* TimerFun.swift */,
			);
			path = TimerFun;
			sourceTree = "<group>";
		};
/* End PBXGroup section */

/* Begin PBXNativeTarget section */
		3FC255A2203CDBF100E5B5C3 /* TimerFun */ = {
			isa = PBXNativeTarget;
			buildConfigurationList = 3FC255B5203CDBF100E5B5C3 /* Build configuration list for PBXNativeTarget "TimerFun" */;
			buildPhases = (
				3FC2559F203CDBF100E5B5C3 /* Sources */,
				3FC255A0203CDBF100E5B5C3 /* Frameworks */,
				3FC255A1203CDBF100E5B5C3 /* Resources */,
			);
			buildRules = (
			);
			dependencies = (
			);
			name = TimerFun;
			productName = TimerFun;
			productReference = 3FC255A3203CDBF100E5B5C3 /* TimerFun.app */;
			productType = "com.apple.product-type.application";
		};
/* End PBXNativeTarget section */

/* Begin PBXProject section */
		3FC2559B203CDBF100E5B5C3 /* Project object */ = {
			isa = PBXProject;
			attributes = {
				LastSwiftUpdateCheck = 0920;
				LastUpgradeCheck = 0920;
				ORGANIZATIONNAME = Irvin;
				TargetAttributes = {
					3FC255A2203CDBF100E5B5C3 = {
						CreatedOnToolsVersion = 9.2;
						ProvisioningStyle = Automatic;
					};
				};
			};
			buildConfigurationList = 3FC2559E203CDBF100E5B5C3 /* Build configuration list for PBXProject "TimerFun" */;
			compatibilityVersion = "Xcode 8.0";
			developmentRegion = en;
			hasScannedForEncodings = 0;
			knownRegions = (
				en,
				Base,
			);
			mainGroup = 3FC2559A203CDBF100E5B5C3;
			productRefGroup = 3FC255A4203CDBF100E5B5C3 /* Products */;
			projectDirPath = "";
			projectRoot = "";
			targets = (
				3FC255A2203CDBF100E5B5C3 /* TimerFun */,
			);
		};
/* End PBXProject section */

/* Begin PBXResourcesBuildPhase section */
		3FC255A1203CDBF100E5B5C3 /* Resources */ = {
			isa = PBXResourcesBuildPhase;
			buildActionMask = 2147483647;
			files = (
				3FC255B1203CDBF100E5B5C3 /* LaunchScreen.storyboard in Resources */,
				3FC255AE203CDBF100E5B5C3 /* Assets.xcassets in Resources */,
				3FC255AC203CDBF100E5B5C3 /* Main.storyboard in Resources */,
			);
			runOnlyForDeploymentPostprocessing = 0;
		};
/* End PBXResourcesBuildPhase section */

/* Begin PBXSourcesBuildPhase section */
		3FC2559F203CDBF100E5B5C3 /* Sources */ = {
			isa = PBXSourcesBuildPhase;
			buildActionMask = 2147483647;
			files = (
				3FC255A9203CDBF100E5B5C3 /* ViewController.swift in Sources */,
				3FC255A7203CDBF100E5B5C3 /* AppDelegate.swift in Sources */,
				3FC255B9203CDC0600E5B5C3 /* TimerFun.swift in Sources */,
			);
			runOnlyForDeploymentPostprocessing = 0;
		};
/* End PBXSourcesBuildPhase section */

/* Begin PBXVariantGroup section */
		3FC255AA203CDBF100E5B5C3 /* Main.storyboard */ = {
			isa = PBXVariantGroup;
			children = (
				3FC255AB203CDBF100E5B5C3 /* Base */,
			);
			name = Main.storyboard;
			sourceTree = "<group>";
		};
		3FC255AF203CDBF100E5B5C3 /* LaunchScreen.storyboard */ = {
			isa = PBXVariantGroup;
			children = (
				3FC255B0203CDBF100E5B5C3 /* Base */,
			);
			name = LaunchScreen.storyboard;
			sourceTree = "<group>";
		};
/* End PBXVariantGroup section */

/* Begin XCBuildConfiguration section */
		3FC255B3203CDBF100E5B5C3 /* Debug */ = {
			isa = XCBuildConfiguration;
			buildSettings = {
				ALWAYS_SEARCH_USER_PATHS = NO;
				CLANG_ANALYZER_NONNULL = YES;
				CLANG_ANALYZER_NUMBER_OBJECT_CONVERSION = YES_AGGRESSIVE;
				CLANG_CXX_LANGUAGE_STANDARD = "gnu++14";
				CLANG_CXX_LIBRARY = "libc++";
				CLANG_ENABLE_MODULES = YES;
				CLANG_ENABLE_OBJC_ARC = YES;
				CLANG_WARN_BLOCK_CAPTURE_AUTORELEASING = YES;
				CLANG_WARN_BOOL_CONVERSION = YES;
				CLANG_WARN_COMMA = YES;
				CLANG_WARN_CONSTANT_CONVERSION = YES;
				CLANG_WARN_DIRECT_OBJC_ISA_USAGE = YES_ERROR;
				CLANG_WARN_DOCUMENTATION_COMMENTS = YES;
				CLANG_WARN_EMPTY_BODY = YES;
				CLANG_WARN_ENUM_CONVERSION = YES;
				CLANG_WARN_INFINITE_RECURSION = YES;
				CLANG_WARN_INT_CONVERSION = YES;
				CLANG_WARN_NON_LITERAL_NULL_CONVERSION = YES;
				CLANG_WARN_OBJC_LITERAL_CONVERSION = YES;
				CLANG_WARN_OBJC_ROOT_CLASS = YES_ERROR;
				CLANG_WARN_RANGE_LOOP_ANALYSIS = YES;
				CLANG_WARN_STRICT_PROTOTYPES = YES;
				CLANG_WARN_SUSPICIOUS_MOVE = YES;
				CLANG_WARN_UNGUARDED_AVAILABILITY = YES_AGGRESSIVE;
				CLANG_WARN_UNREACHABLE_CODE = YES;
				CLANG_WARN__DUPLICATE_METHOD_MATCH = YES;
				CODE_SIGN_IDENTITY = "iPhone Developer";
				COPY_PHASE_STRIP = NO;
				DEBUG_INFORMATION_FORMAT = dwarf;
				ENABLE_STRICT_OBJC_MSGSEND = YES;
				ENABLE_TESTABILITY = YES;
				GCC_C_LANGUAGE_STANDARD = gnu11;
				GCC_DYNAMIC_NO_PIC = NO;
				GCC_NO_COMMON_BLOCKS = YES;
				GCC_OPTIMIZATION_LEVEL = 0;
				GCC_PREPROCESSOR_DEFINITIONS = (
					"DEBUG=1",
					"$(inherited)",
				);
				GCC_WARN_64_TO_32_BIT_CONVERSION = YES;
				GCC_WARN_ABOUT_RETURN_TYPE = YES_ERROR;
				GCC_WARN_UNDECLARED_SELECTOR = YES;
				GCC_WARN_UNINITIALIZED_AUTOS = YES_AGGRESSIVE;
				GCC_WARN_UNUSED_FUNCTION = YES;
				GCC_WARN_UNUSED_VARIABLE = YES;
				IPHONEOS_DEPLOYMENT_TARGET = 11.2;
				MTL_ENABLE_DEBUG_INFO = YES;
				ONLY_ACTIVE_ARCH = YES;
				SDKROOT = iphoneos;
				SWIFT_ACTIVE_COMPILATION_CONDITIONS = DEBUG;
				SWIFT_OPTIMIZATION_LEVEL = "-Onone";
			};
			name = Debug;
		};
		3FC255B4203CDBF100E5B5C3 /* Release */ = {
			isa = XCBuildConfiguration;
			buildSettings = {
				ALWAYS_SEARCH_USER_PATHS = NO;
				CLANG_ANALYZER_NONNULL = YES;
				CLANG_ANALYZER_NUMBER_OBJECT_CONVERSION = YES_AGGRESSIVE;
				CLANG_CXX_LANGUAGE_STANDARD = "gnu++14";
				CLANG_CXX_LIBRARY = "libc++";
				CLANG_ENABLE_MODULES = YES;
				CLANG_ENABLE_OBJC_ARC = YES;
				CLANG_WARN_BLOCK_CAPTURE_AUTORELEASING = YES;
				CLANG_WARN_BOOL_CONVERSION = YES;
				CLANG_WARN_COMMA = YES;
				CLANG_WARN_CONSTANT_CONVERSION = YES;
				CLANG_WARN_DIRECT_OBJC_ISA_USAGE = YES_ERROR;
				CLANG_WARN_DOCUMENTATION_COMMENTS = YES;
				CLANG_WARN_EMPTY_BODY = YES;
				CLANG_WARN_ENUM_CONVERSION = YES;
				CLANG_WARN_INFINITE_RECURSION = YES;
				CLANG_WARN_INT_CONVERSION = YES;
				CLANG_WARN_NON_LITERAL_NULL_CONVERSION = YES;
				CLANG_WARN_OBJC_LITERAL_CONVERSION = YES;
				CLANG_WARN_OBJC_ROOT_CLASS = YES_ERROR;
				CLANG_WARN_RANGE_LOOP_ANALYSIS = YES;
				CLANG_WARN_STRICT_PROTOTYPES = YES;
				CLANG_WARN_SUSPICIOUS_MOVE = YES;
				CLANG_WARN_UNGUARDED_AVAILABILITY = YES_AGGRESSIVE;
				CLANG_WARN_UNREACHABLE_CODE = YES;
				CLANG_WARN__DUPLICATE_METHOD_MATCH = YES;
				CODE_SIGN_IDENTITY = "iPhone Developer";
				COPY_PHASE_STRIP = NO;
				DEBUG_INFORMATION_FORMAT = "dwarf-with-dsym";
				ENABLE_NS_ASSERTIONS = NO;
				ENABLE_STRICT_OBJC_MSGSEND = YES;
				GCC_C_LANGUAGE_STANDARD = gnu11;
				GCC_NO_COMMON_BLOCKS = YES;
				GCC_WARN_64_TO_32_BIT_CONVERSION = YES;
				GCC_WARN_ABOUT_RETURN_TYPE = YES_ERROR;
				GCC_WARN_UNDECLARED_SELECTOR = YES;
				GCC_WARN_UNINITIALIZED_AUTOS = YES_AGGRESSIVE;
				GCC_WARN_UNUSED_FUNCTION = YES;
				GCC_WARN_UNUSED_VARIABLE = YES;
				IPHONEOS_DEPLOYMENT_TARGET = 11.2;
				MTL_ENABLE_DEBUG_INFO = NO;
				SDKROOT = iphoneos;
				SWIFT_OPTIMIZATION_LEVEL = "-Owholemodule";
				VALIDATE_PRODUCT = YES;
			};
			name = Release;
		};
		3FC255B6203CDBF100E5B5C3 /* Debug */ = {
			isa = XCBuildConfiguration;
			buildSettings = {
				ASSETCATALOG_COMPILER_APPICON_NAME = AppIcon;
				CODE_SIGN_STYLE = Automatic;
				DEVELOPMENT_TEAM = YZRA8CK773;
				INFOPLIST_FILE = TimerFun/Info.plist;
				LD_RUNPATH_SEARCH_PATHS = "$(inherited) @executable_path/Frameworks";
				PRODUCT_BUNDLE_IDENTIFIER = com.IrvinDo.TimerFun;
				PRODUCT_NAME = "$(TARGET_NAME)";
				SWIFT_VERSION = 4.0;
				TARGETED_DEVICE_FAMILY = "1,2";
			};
			name = Debug;
		};
		3FC255B7203CDBF100E5B5C3 /* Release */ = {
			isa = XCBuildConfiguration;
			buildSettings = {
				ASSETCATALOG_COMPILER_APPICON_NAME = AppIcon;
				CODE_SIGN_STYLE = Automatic;
				DEVELOPMENT_TEAM = YZRA8CK773;
				INFOPLIST_FILE = TimerFun/Info.plist;
				LD_RUNPATH_SEARCH_PATHS = "$(inherited) @executable_path/Frameworks";
				PRODUCT_BUNDLE_IDENTIFIER = com.IrvinDo.TimerFun;
				PRODUCT_NAME = "$(TARGET_NAME)";
				SWIFT_VERSION = 4.0;
				TARGETED_DEVICE_FAMILY = "1,2";
			};
			name = Release;
		};
/* End XCBuildConfiguration section */

/* Begin XCConfigurationList section */
		3FC2559E203CDBF100E5B5C3 /* Build configuration list for PBXProject "TimerFun" */ = {
			isa = XCConfigurationList;
			buildConfigurations = (
				3FC255B3203CDBF100E5B5C3 /* Debug */,
				3FC255B4203CDBF100E5B5C3 /* Release */,
			);
			defaultConfigurationIsVisible = 0;
			defaultConfigurationName = Release;
		};
		3FC255B5203CDBF100E5B5C3 /* Build configuration list for PBXNativeTarget "TimerFun" */ = {
			isa = XCConfigurationList;
			buildConfigurations = (
				3FC255B6203CDBF100E5B5C3 /* Debug */,
				3FC255B7203CDBF100E5B5C3 /* Release */,
			);
			defaultConfigurationIsVisible = 0;
			defaultConfigurationName = Release;
		};
/* End XCConfigurationList section */
	};
	rootObject = 3FC2559B203CDBF100E5B5C3 /* Project object */;
}
